{
  "lockfileVersion": 1,
  "configVersion": 1,
  "workspaces": {
    "": {
      "name": "koa-cors",
      "dependencies": {
        "http-errors": "^2.0.1",
        "vary": "^1.1.2",
      },
      "devDependencies": {
        "@types/http-errors": "^2.0.5",
        "@types/koa": "^3.0.2",
        "@types/node": "^25.5.2",
        "@types/vary": "^1.1.3",
        "prettier": "^3.8.1",
        "typescript": "^6.0.2",
      },
    },
  },
  "packages": {
    "@types/accepts": ["@types/accepts@1.3.7", "", { "dependencies": { "@types/node": "*" } }, "sha512-Pay9fq2lM2wXPWbteBsRAGiWH2hig4ZE2asK+mm7kUzlxRTfL961rj89I6zV/E3PcIkDqyuBEcMxFT7rccugeQ=="],

    "@types/body-parser": ["@types/body-parser@1.19.6", "", { "dependencies": { "@types/connect": "*", "@types/node": "*" } }, "sha512-HLFeCYgz89uk22N5Qg3dvGvsv46B8GLvKKo1zKG4NybA8U2DiEO3w9lqGg29t/tfLRJpJ6iQxnVw4OnB7MoM9g=="],

    "@types/connect": ["@types/connect@3.4.38", "", { "dependencies": { "@types/node": "*" } }, "sha512-K6uROf1LD88uDQqJCktA4yzL1YYAK6NgfsI0v/mTgyPKWsX1CnJ0XPSDhViejru1GcRkLWb8RlzFYJRqGUbaug=="],

    "@types/content-disposition": ["@types/content-disposition@0.5.9", "", {}, "sha512-8uYXI3Gw35MhiVYhG3s295oihrxRyytcRHjSjqnqZVDDy/xcGBRny7+Xj1Wgfhv5QzRtN2hB2dVRBUX9XW3UcQ=="],

    "@types/cookies": ["@types/cookies@0.9.2", "", { "dependencies": { "@types/connect": "*", "@types/express": "*", "@types/keygrip": "*", "@types/node": "*" } }, "sha512-1AvkDdZM2dbyFybL4fxpuNCaWyv//0AwsuUk2DWeXyM1/5ZKm6W3z6mQi24RZ4l2ucY+bkSHzbDVpySqPGuV8A=="],

    "@types/express": ["@types/express@5.0.6", "", { "dependencies": { "@types/body-parser": "*", "@types/express-serve-static-core": "^5.0.0", "@types/serve-static": "^2" } }, "sha512-sKYVuV7Sv9fbPIt/442koC7+IIwK5olP1KWeD88e/idgoJqDm3JV/YUiPwkoKK92ylff2MGxSz1CSjsXelx0YA=="],

    "@types/express-serve-static-core": ["@types/express-serve-static-core@5.1.1", "", { "dependencies": { "@types/node": "*", "@types/qs": "*", "@types/range-parser": "*", "@types/send": "*" } }, "sha512-v4zIMr/cX7/d2BpAEX3KNKL/JrT1s43s96lLvvdTmza1oEvDudCqK9aF/djc/SWgy8Yh0h30TZx5VpzqFCxk5A=="],

    "@types/http-assert": ["@types/http-assert@1.5.6", "", {}, "sha512-TTEwmtjgVbYAzZYWyeHPrrtWnfVkm8tQkP8P21uQifPgMRgjrow3XDEYqucuC8SKZJT7pUnhU/JymvjggxO9vw=="],

    "@types/http-errors": ["@types/http-errors@2.0.5", "", {}, "sha512-r8Tayk8HJnX0FztbZN7oVqGccWgw98T/0neJphO91KkmOzug1KkofZURD4UaD5uH8AqcFLfdPErnBod0u71/qg=="],

    "@types/keygrip": ["@types/keygrip@1.0.6", "", {}, "sha512-lZuNAY9xeJt7Bx4t4dx0rYCDqGPW8RXhQZK1td7d4H6E9zYbLoOtjBvfwdTKpsyxQI/2jv+armjX/RW+ZNpXOQ=="],

    "@types/koa": ["@types/koa@3.0.2", "", { "dependencies": { "@types/accepts": "*", "@types/content-disposition": "*", "@types/cookies": "*", "@types/http-assert": "*", "@types/http-errors": "^2", "@types/keygrip": "*", "@types/koa-compose": "*", "@types/node": "*" } }, "sha512-7TRzVOBcH/q8CfPh9AmHBQ8TZtimT4Sn+rw8//hXveI6+F41z93W8a+0B0O8L7apKQv+vKBIEZSECiL0Oo1JFA=="],

    "@types/koa-compose": ["@types/koa-compose@3.2.9", "", { "dependencies": { "@types/koa": "*" } }, "sha512-BroAZ9FTvPiCy0Pi8tjD1OfJ7bgU1gQf0eR6e1Vm+JJATy9eKOG3hQMFtMciMawiSOVnLMdmUOC46s7HBhSTsA=="],

    "@types/node": ["@types/node@25.5.2", "", { "dependencies": { "undici-types": "~7.18.0" } }, "sha512-tO4ZIRKNC+MDWV4qKVZe3Ql/woTnmHDr5JD8UI5hn2pwBrHEwOEMZK7WlNb5RKB6EoJ02gwmQS9OrjuFnZYdpg=="],

    "@types/qs": ["@types/qs@6.15.0", "", {}, "sha512-JawvT8iBVWpzTrz3EGw9BTQFg3BQNmwERdKE22vlTxawwtbyUSlMppvZYKLZzB5zgACXdXxbD3m1bXaMqP/9ow=="],

    "@types/range-parser": ["@types/range-parser@1.2.7", "", {}, "sha512-hKormJbkJqzQGhziax5PItDUTMAM9uE2XXQmM37dyd4hVM+5aVl7oVxMVUiVQn2oCQFN/LKCZdvSM0pFRqbSmQ=="],

    "@types/send": ["@types/send@1.2.1", "", { "dependencies": { "@types/node": "*" } }, "sha512-arsCikDvlU99zl1g69TcAB3mzZPpxgw0UQnaHeC1Nwb015xp8bknZv5rIfri9xTOcMuaVgvabfIRA7PSZVuZIQ=="],

    "@types/serve-static": ["@types/serve-static@2.2.0", "", { "dependencies": { "@types/http-errors": "*", "@types/node": "*" } }, "sha512-8mam4H1NHLtu7nmtalF7eyBH14QyOASmcxHhSfEoRyr0nP/YdoesEtU+uSRvMe96TW/HPTtkoKqQLl53N7UXMQ=="],

    "@types/vary": ["@types/vary@1.1.3", "", { "dependencies": { "@types/node": "*" } }, "sha512-XJT8/ZQCL7NUut9QDLf6l24JfAEl7bnNdgxfj50cHIpEPRJLHHDDFOAq6i+GsEmeFfH7NamhBE4c4Thtb2egWg=="],

    "depd": ["depd@2.0.0", "", {}, "sha512-g7nH6P6dyDioJogAAGprGpCtVImJhpPk/roCzdb3fIh61/s/nPsfR6onyMwkCAR/OlC3yBC0lESvUoQEAssIrw=="],

    "http-errors": ["http-errors@2.0.1", "", { "dependencies": { "depd": "~2.0.0", "inherits": "~2.0.4", "setprototypeof": "~1.2.0", "statuses": "~2.0.2", "toidentifier": "~1.0.1" } }, "sha512-4FbRdAX+bSdmo4AUFuS0WNiPz8NgFt+r8ThgNWmlrjQjt1Q7ZR9+zTlce2859x4KSXrwIsaeTqDoKQmtP8pLmQ=="],

    "inherits": ["inherits@2.0.4", "", {}, "sha512-k/vGaX4/Yla3WzyMCvTQOXYeIHvqOKtnqBduzTHpzpQZzAskKMhZ2K+EnBiSM9zGSoIFeMpXKxa4dYeZIQqewQ=="],

    "prettier": ["prettier@3.8.1", "", { "bin": { "prettier": "bin/prettier.cjs" } }, "sha512-UOnG6LftzbdaHZcKoPFtOcCKztrQ57WkHDeRD9t/PTQtmT0NHSeWWepj6pS0z/N7+08BHFDQVUrfmfMRcZwbMg=="],

    "setprototypeof": ["setprototypeof@1.2.0", "", {}, "sha512-E5LDX7Wrp85Kil5bhZv46j8jOeboKq5JMmYM3gVGdGH8xFpPWXUMsNrlODCrkoxMEeNi/XZIwuRvY4XNwYMJpw=="],

    "statuses": ["statuses@2.0.2", "", {}, "sha512-DvEy55V3DB7uknRo+4iOGT5fP1slR8wQohVdknigZPMpMstaKJQWhwiYBACJE3Ul2pTnATihhBYnRhZQHGBiRw=="],

    "toidentifier": ["toidentifier@1.0.1", "", {}, "sha512-o5sSPKEkg/DIQNmH43V0/uerLrpzVedkUh8tGNvaeXpfpuwjKenlSox/2O/BTlZUtEe+JG7s5YhEz608PlAHRA=="],

    "typescript": ["typescript@6.0.2", "", { "bin": { "tsc": "bin/tsc", "tsserver": "bin/tsserver" } }, "sha512-bGdAIrZ0wiGDo5l8c++HWtbaNCWTS4UTv7RaTH/ThVIgjkveJt83m74bBHMJkuCbslY8ixgLBVZJIOiQlQTjfQ=="],

    "undici-types": ["undici-types@7.18.2", "", {}, "sha512-AsuCzffGHJybSaRrmr5eHr81mwJU3kjw6M+uprWvCXiNeN9SOGwQ3Jn8jb8m3Z6izVgknn1R0FTCEAP2QrLY/w=="],

    "vary": ["vary@1.1.2", "", {}, "sha512-BNGbWLfd0eUPabhkXUVm0j8uuvREyTh5ovRa/dyow/BqAbZJyC+5fU+IzQOzmAKzYqYRAISoRhdQr3eIZ/PXqg=="],
  }
}
